// !$*UTF8*$!
{
	archiveVersion = 1;
	classes = {
	};
	objectVersion = 56;
	objects = {

/* Begin PBXBuildFile section */
		708D3B9229D44639007A0D5E /* HeyClockApp.swift in Sources */ = {isa = PBXBuildFile; fileRef = 708D3B9129D44639007A0D5E /* HeyClockApp.swift */; };
		708D3B9429D44639007A0D5E /* ContentView.swift in Sources */ = {isa = PBXBuildFile; fileRef = 708D3B9329D44639007A0D5E /* ContentView.swift */; };
		708D3B9629D4463B007A0D5E /* Assets.xcassets in Resources */ = {isa = PBXBuildFile; fileRef = 708D3B9529D4463B007A0D5E /* Assets.xcassets */; };
		708D3B9A29D4463B007A0D5E /* Preview Assets.xcassets in Resources */ = {isa = PBXBuildFile; fileRef = 708D3B9929D4463B007A0D5E /* Preview Assets.xcassets */; };
		708D3BA429D4463B007A0D5E /* HeyClockTests.swift in Sources */ = {isa = PBXBuildFile; fileRef = 708D3BA329D4463B007A0D5E /* HeyClockTests.swift */; };
		708D3BAE29D4463B007A0D5E /* HeyClockUITests.swift in Sources */ = {isa = PBXBuildFile; fileRef = 708D3BAD29D4463B007A0D5E /* HeyClockUITests.swift */; };
		708D3BB029D4463B007A0D5E /* HeyClockUITestsLaunchTests.swift in Sources */ = {isa = PBXBuildFile; fileRef = 708D3BAF29D4463B007A0D5E /* HeyClockUITestsLaunchTests.swift */; };
/* End PBXBuildFile section */

/* Begin PBXContainerItemProxy section */
		708D3BA029D4463B007A0D5E /* PBXContainerItemProxy */ = {
			isa = PBXContainerItemProxy;
			containerPortal = 708D3B8629D44639007A0D5E /* Project object */;
			proxyType = 1;
			remoteGlobalIDString = 708D3B8D29D44639007A0D5E;
			remoteInfo = HeyClock;
		};
		708D3BAA29D4463B007A0D5E /* PBXContainerItemProxy */ = {
			isa = PBXContainerItemProxy;
			containerPortal = 708D3B8629D44639007A0D5E /* Project object */;
			proxyType = 1;
			remoteGlobalIDString = 708D3B8D29D44639007A0D5E;
			remoteInfo = HeyClock;
		};
/* End PBXContainerItemProxy section */

/* Begin PBXFileReference section */
		708D3B8E29D44639007A0D5E /* HeyClock.app */ = {isa = PBXFileReference; explicitFileType = wrapper.application; includeInIndex = 0; path = HeyClock.app; sourceTree = BUILT_PRODUCTS_DIR; };
		708D3B9129D44639007A0D5E /* HeyClockApp.swift */ = {isa = PBXFileReference; lastKnownFileType = sourcecode.swift; path = HeyClockApp.swift; sourceTree = "<group>"; };
		708D3B9329D44639007A0D5E /* ContentView.swift */ = {isa = PBXFileReference; lastKnownFileType = sourcecode.swift; path = ContentView.swift; sourceTree = "<group>"; };
		708D3B9529D4463B007A0D5E /* Assets.xcassets */ = {isa = PBXFileReference; lastKnownFileType = folder.assetcatalog; path = Assets.xcassets; sourceTree = "<group>"; };
		708D3B9729D4463B007A0D5E /* HeyClock.entitlements */ = {isa = PBXFileReference; lastKnownFileType = text.plist.entitlements; path = HeyClock.entitlements; sourceTree = "<group>"; };
		708D3B9929D4463B007A0D5E /* Preview Assets.xcassets */ = {isa = PBXFileReference; lastKnownFileType = folder.assetcatalog; path = "Preview Assets.xcassets"; sourceTree = "<group>"; };
		708D3B9F29D4463B007A0D5E /* HeyClockTests.xctest */ = {isa = PBXFileReference; explicitFileType = wrapper.cfbundle; includeInIndex = 0; path = HeyClockTests.xctest; sourceTree = BUILT_PRODUCTS_DIR; };
		708D3BA329D4463B007A0D5E /* HeyClockTests.swift */ = {isa = PBXFileReference; lastKnownFileType = sourcecode.swift; path = HeyClockTests.swift; sourceTree = "<group>"; };
		708D3BA929D4463B007A0D5E /* HeyClockUITests.xctest */ = {isa = PBXFileReference; explicitFileType = wrapper.cfbundle; includeInIndex = 0; path = HeyClockUITests.xctest; sourceTree = BUILT_PRODUCTS_DIR; };
		708D3BAD29D4463B007A0D5E /* HeyClockUITests.swift */ = {isa = PBXFileReference; lastKnownFileType = sourcecode.swift; path = HeyClockUITests.swift; sourceTree = "<group>"; };
		708D3BAF29D4463B007A0D5E /* HeyClockUITestsLaunchTests.swift */ = {isa = PBXFileReference; lastKnownFileType = sourcecode.swift; path = HeyClockUITestsLaunchTests.swift; sourceTree = "<group>"; };
/* End PBXFileReference section */

/* Begin PBXFrameworksBuildPhase section */
		708D3B8B29D44639007A0D5E /* Frameworks */ = {
			isa = PBXFrameworksBuildPhase;
			buildActionMask = 2147483647;
			files = (
			);
			runOnlyForDeploymentPostprocessing = 0;
		};
		708D3B9C29D4463B007A0D5E /* Frameworks */ = {
			isa = PBXFrameworksBuildPhase;
			buildActionMask = 2147483647;
			files = (
			);
			runOnlyForDeploymentPostprocessing = 0;
		};
		708D3BA629D4463B007A0D5E /* Frameworks */ = {
			isa = PBXFrameworksBuildPhase;
			buildActionMask = 2147483647;
			files = (
			);
			runOnlyForDeploymentPostprocessing = 0;
		};
/* End PBXFrameworksBuildPhase section */

/* Begin PBXGroup section */
		708D3B8529D44639007A0D5E = {
			isa = PBXGroup;
			children = (
				708D3B9029D44639007A0D5E /* HeyClock */,
				708D3BA229D4463B007A0D5E /* HeyClockTests */,
				708D3BAC29D4463B007A0D5E /* HeyClockUITests */,
				708D3B8F29D44639007A0D5E /* Products */,
			);
			sourceTree = "<group>";
		};
		708D3B8F29D44639007A0D5E /* Products */ = {
			isa = PBXGroup;
			children = (
				708D3B8E29D44639007A0D5E /* HeyClock.app */,
				708D3B9F29D4463B007A0D5E /* HeyClockTests.xctest */,
				708D3BA929D4463B007A0D5E /* HeyClockUITests.xctest */,
			);
			name = Products;
			sourceTree = "<group>";
		};
		708D3B9029D44639007A0D5E /* HeyClock */ = {
			isa = PBXGroup;
			children = (
				708D3B9129D44639007A0D5E /* HeyClockApp.swift */,
				708D3B9329D44639007A0D5E /* ContentView.swift */,
				708D3B9529D4463B007A0D5E /* Assets.xcassets */,
				708D3B9729D4463B007A0D5E /* HeyClock.entitlements */,
				708D3B9829D4463B007A0D5E /* Preview Content */,
			);
			path = HeyClock;
			sourceTree = "<group>";
		};
		708D3B9829D4463B007A0D5E /* Preview Content */ = {
			isa = PBXGroup;
			children = (
				708D3B9929D4463B007A0D5E /* Preview Assets.xcassets */,
			);
			path = "Preview Content";
			sourceTree = "<group>";
		};
		708D3BA229D4463B007A0D5E /* HeyClockTests */ = {
			isa = PBXGroup;
			children = (
				708D3BA329D4463B007A0D5E /* HeyClockTests.swift */,
			);
			path = HeyClockTests;
			sourceTree = "<group>";
		};
		708D3BAC29D4463B007A0D5E /* HeyClockUITests */ = {
			isa = PBXGroup;
			children = (
				708D3BAD29D4463B007A0D5E /* HeyClockUITests.swift */,
				708D3BAF29D4463B007A0D5E /* HeyClockUITestsLaunchTests.swift */,
			);
			path = HeyClockUITests;
			sourceTree = "<group>";
		};
/* End PBXGroup section */

/* Begin PBXNativeTarget section */
		708D3B8D29D44639007A0D5E /* HeyClock */ = {
			isa = PBXNativeTarget;
			buildConfigurationList = 708D3BB329D4463B007A0D5E /* Build configuration list for PBXNativeTarget "HeyClock" */;
			buildPhases = (
				708D3B8A29D44639007A0D5E /* Sources */,
				708D3B8B29D44639007A0D5E /* Frameworks */,
				708D3B8C29D44639007A0D5E /* Resources */,
			);
			buildRules = (
			);
			dependencies = (
			);
			name = HeyClock;
			productName = HeyClock;
			productReference = 708D3B8E29D44639007A0D5E /* HeyClock.app */;
			productType = "com.apple.product-type.application";
		};
		708D3B9E29D4463B007A0D5E /* HeyClockTests */ = {
			isa = PBXNativeTarget;
			buildConfigurationList = 708D3BB629D4463B007A0D5E /* Build configuration list for PBXNativeTarget "HeyClockTests" */;
			buildPhases = (
				708D3B9B29D4463B007A0D5E /* Sources */,
				708D3B9C29D4463B007A0D5E /* Frameworks */,
				708D3B9D29D4463B007A0D5E /* Resources */,
			);
			buildRules = (
			);
			dependencies = (
				708D3BA129D4463B007A0D5E /* PBXTargetDependency */,
			);
			name = HeyClockTests;
			productName = HeyClockTests;
			productReference = 708D3B9F29D4463B007A0D5E /* HeyClockTests.xctest */;
			productType = "com.apple.product-type.bundle.unit-test";
		};
		708D3BA829D4463B007A0D5E /* HeyClockUITests */ = {
			isa = PBXNativeTarget;
			buildConfigurationList = 708D3BB929D4463B007A0D5E /* Build configuration list for PBXNativeTarget "HeyClockUITests" */;
			buildPhases = (
				708D3BA529D4463B007A0D5E /* Sources */,
				708D3BA629D4463B007A0D5E /* Frameworks */,
				708D3BA729D4463B007A0D5E /* Resources */,
			);
			buildRules = (
			);
			dependencies = (
				708D3BAB29D4463B007A0D5E /* PBXTargetDependency */,
			);
			name = HeyClockUITests;
			productName = HeyClockUITests;
			productReference = 708D3BA929D4463B007A0D5E /* HeyClockUITests.xctest */;
			productType = "com.apple.product-type.bundle.ui-testing";
		};
/* End PBXNativeTarget section */

/* Begin PBXProject section */
		708D3B8629D44639007A0D5E /* Project object */ = {
			isa = PBXProject;
			attributes = {
				BuildIndependentTargetsInParallel = 1;
				LastSwiftUpdateCheck = 1420;
				LastUpgradeCheck = 1420;
				TargetAttributes = {
					708D3B8D29D44639007A0D5E = {
						CreatedOnToolsVersion = 14.2;
					};
					708D3B9E29D4463B007A0D5E = {
						CreatedOnToolsVersion = 14.2;
						TestTargetID = 708D3B8D29D44639007A0D5E;
					};
					708D3BA829D4463B007A0D5E = {
						CreatedOnToolsVersion = 14.2;
						TestTargetID = 708D3B8D29D44639007A0D5E;
					};
				};
			};
			buildConfigurationList = 708D3B8929D44639007A0D5E /* Build configuration list for PBXProject "HeyClock" */;
			compatibilityVersion = "Xcode 14.0";
			developmentRegion = en;
			hasScannedForEncodings = 0;
			knownRegions = (
				en,
				Base,
			);
			mainGroup = 708D3B8529D44639007A0D5E;
			productRefGroup = 708D3B8F29D44639007A0D5E /* Products */;
			projectDirPath = "";
			projectRoot = "";
			targets = (
				708D3B8D29D44639007A0D5E /* HeyClock */,
				708D3B9E29D4463B007A0D5E /* HeyClockTests */,
				708D3BA829D4463B007A0D5E /* HeyClockUITests */,
			);
		};
/* End PBXProject section */

/* Begin PBXResourcesBuildPhase section */
		708D3B8C29D44639007A0D5E /* Resources */ = {
			isa = PBXResourcesBuildPhase;
			buildActionMask = 2147483647;
			files = (
				708D3B9A29D4463B007A0D5E /* Preview Assets.xcassets in Resources */,
				708D3B9629D4463B007A0D5E /* Assets.xcassets in Resources */,
			);
			runOnlyForDeploymentPostprocessing = 0;
		};
		708D3B9D29D4463B007A0D5E /* Resources */ = {
			isa = PBXResourcesBuildPhase;
			buildActionMask = 2147483647;
			files = (
			);
			runOnlyForDeploymentPostprocessing = 0;
		};
		708D3BA729D4463B007A0D5E /* Resources */ = {
			isa = PBXResourcesBuildPhase;
			buildActionMask = 2147483647;
			files = (
			);
			runOnlyForDeploymentPostprocessing = 0;
		};
/* End PBXResourcesBuildPhase section */

/* Begin PBXSourcesBuildPhase section */
		708D3B8A29D44639007A0D5E /* Sources */ = {
			isa = PBXSourcesBuildPhase;
			buildActionMask = 2147483647;
			files = (
				708D3B9429D44639007A0D5E /* ContentView.swift in Sources */,
				708D3B9229D44639007A0D5E /* HeyClockApp.swift in Sources */,
			);
			runOnlyForDeploymentPostprocessing = 0;
		};
		708D3B9B29D4463B007A0D5E /* Sources */ = {
			isa = PBXSourcesBuildPhase;
			buildActionMask = 2147483647;
			files = (
				708D3BA429D4463B007A0D5E /* HeyClockTests.swift in Sources */,
			);
			runOnlyForDeploymentPostprocessing = 0;
		};
		708D3BA529D4463B007A0D5E /* Sources */ = {
			isa = PBXSourcesBuildPhase;
			buildActionMask = 2147483647;
			files = (
				708D3BB029D4463B007A0D5E /* HeyClockUITestsLaunchTests.swift in Sources */,
				708D3BAE29D4463B007A0D5E /* HeyClockUITests.swift in Sources */,
			);
			runOnlyForDeploymentPostprocessing = 0;
		};
/* End PBXSourcesBuildPhase section */

/* Begin PBXTargetDependency section */
		708D3BA129D4463B007A0D5E /* PBXTargetDependency */ = {
			isa = PBXTargetDependency;
			target = 708D3B8D29D44639007A0D5E /* HeyClock */;
			targetProxy = 708D3BA029D4463B007A0D5E /* PBXContainerItemProxy */;
		};
		708D3BAB29D4463B007A0D5E /* PBXTargetDependency */ = {
			isa = PBXTargetDependency;
			target = 708D3B8D29D44639007A0D5E /* HeyClock */;
			targetProxy = 708D3BAA29D4463B007A0D5E /* PBXContainerItemProxy */;
		};
/* End PBXTargetDependency section */

/* Begin XCBuildConfiguration section */
		708D3BB129D4463B007A0D5E /* Debug */ = {
			isa = XCBuildConfiguration;
			buildSettings = {
				ALWAYS_SEARCH_USER_PATHS = NO;
				CLANG_ANALYZER_NONNULL = YES;
				CLANG_ANALYZER_NUMBER_OBJECT_CONVERSION = YES_AGGRESSIVE;
				CLANG_CXX_LANGUAGE_STANDARD = "gnu++20";
				CLANG_ENABLE_MODULES = YES;
				CLANG_ENABLE_OBJC_ARC = YES;
				CLANG_ENABLE_OBJC_WEAK = YES;
				CLANG_WARN_BLOCK_CAPTURE_AUTORELEASING = YES;
				CLANG_WARN_BOOL_CONVERSION = YES;
				CLANG_WARN_COMMA = YES;
				CLANG_WARN_CONSTANT_CONVERSION = YES;
				CLANG_WARN_DEPRECATED_OBJC_IMPLEMENTATIONS = YES;
				CLANG_WARN_DIRECT_OBJC_ISA_USAGE = YES_ERROR;
				CLANG_WARN_DOCUMENTATION_COMMENTS = YES;
				CLANG_WARN_EMPTY_BODY = YES;
				CLANG_WARN_ENUM_CONVERSION = YES;
				CLANG_WARN_INFINITE_RECURSION = YES;
				CLANG_WARN_INT_CONVERSION = YES;
				CLANG_WARN_NON_LITERAL_NULL_CONVERSION = YES;
				CLANG_WARN_OBJC_IMPLICIT_RETAIN_SELF = YES;
				CLANG_WARN_OBJC_LITERAL_CONVERSION = YES;
				CLANG_WARN_OBJC_ROOT_CLASS = YES_ERROR;
				CLANG_WARN_QUOTED_INCLUDE_IN_FRAMEWORK_HEADER = YES;
				CLANG_WARN_RANGE_LOOP_ANALYSIS = YES;
				CLANG_WARN_STRICT_PROTOTYPES = YES;
				CLANG_WARN_SUSPICIOUS_MOVE = YES;
				CLANG_WARN_UNGUARDED_AVAILABILITY = YES_AGGRESSIVE;
				CLANG_WARN_UNREACHABLE_CODE = YES;
				CLANG_WARN__DUPLICATE_METHOD_MATCH = YES;
				COPY_PHASE_STRIP = NO;
				DEBUG_INFORMATION_FORMAT = dwarf;
				ENABLE_STRICT_OBJC_MSGSEND = YES;
				ENABLE_TESTABILITY = YES;
				GCC_C_LANGUAGE_STANDARD = gnu11;
				GCC_DYNAMIC_NO_PIC = NO;
				GCC_NO_COMMON_BLOCKS = YES;
				GCC_OPTIMIZATION_LEVEL = 0;
				GCC_PREPROCESSOR_DEFINITIONS = (
					"DEBUG=1",
					"$(inherited)",
				);
				GCC_WARN_64_TO_32_BIT_CONVERSION = YES;
				GCC_WARN_ABOUT_RETURN_TYPE = YES_ERROR;
				GCC_WARN_UNDECLARED_SELECTOR = YES;
				GCC_WARN_UNINITIALIZED_AUTOS = YES_AGGRESSIVE;
				GCC_WARN_UNUSED_FUNCTION = YES;
				GCC_WARN_UNUSED_VARIABLE = YES;
				MTL_ENABLE_DEBUG_INFO = INCLUDE_SOURCE;
				MTL_FAST_MATH = YES;
				ONLY_ACTIVE_ARCH = YES;
				SWIFT_ACTIVE_COMPILATION_CONDITIONS = DEBUG;
				SWIFT_OPTIMIZATION_LEVEL = "-Onone";
			};
			name = Debug;
		};
		708D3BB229D4463B007A0D5E /* Release */ = {
			isa = XCBuildConfiguration;
			buildSettings = {
				ALWAYS_SEARCH_USER_PATHS = NO;
				CLANG_ANALYZER_NONNULL = YES;
				CLANG_ANALYZER_NUMBER_OBJECT_CONVERSION = YES_AGGRESSIVE;
				CLANG_CXX_LANGUAGE_STANDARD = "gnu++20";
				CLANG_ENABLE_MODULES = YES;
				CLANG_ENABLE_OBJC_ARC = YES;
				CLANG_ENABLE_OBJC_WEAK = YES;
				CLANG_WARN_BLOCK_CAPTURE_AUTORELEASING = YES;
				CLANG_WARN_BOOL_CONVERSION = YES;
				CLANG_WARN_COMMA = YES;
				CLANG_WARN_CONSTANT_CONVERSION = YES;
				CLANG_WARN_DEPRECATED_OBJC_IMPLEMENTATIONS = YES;
				CLANG_WARN_DIRECT_OBJC_ISA_USAGE = YES_ERROR;
				CLANG_WARN_DOCUMENTATION_COMMENTS = YES;
				CLANG_WARN_EMPTY_BODY = YES;
				CLANG_WARN_ENUM_CONVERSION = YES;
				CLANG_WARN_INFINITE_RECURSION = YES;
				CLANG_WARN_INT_CONVERSION = YES;
				CLANG_WARN_NON_LITERAL_NULL_CONVERSION = YES;
				CLANG_WARN_OBJC_IMPLICIT_RETAIN_SELF = YES;
				CLANG_WARN_OBJC_LITERAL_CONVERSION = YES;
				CLANG_WARN_OBJC_ROOT_CLASS = YES_ERROR;
				CLANG_WARN_QUOTED_INCLUDE_IN_FRAMEWORK_HEADER = YES;
				CLANG_WARN_RANGE_LOOP_ANALYSIS = YES;
				CLANG_WARN_STRICT_PROTOTYPES = YES;
				CLANG_WARN_SUSPICIOUS_MOVE = YES;
				CLANG_WARN_UNGUARDED_AVAILABILITY = YES_AGGRESSIVE;
				CLANG_WARN_UNREACHABLE_CODE = YES;
				CLANG_WARN__DUPLICATE_METHOD_MATCH = YES;
				COPY_PHASE_STRIP = NO;
				DEBUG_INFORMATION_FORMAT = "dwarf-with-dsym";
				ENABLE_NS_ASSERTIONS = NO;
				ENABLE_STRICT_OBJC_MSGSEND = YES;
				GCC_C_LANGUAGE_STANDARD = gnu11;
				GCC_NO_COMMON_BLOCKS = YES;
				GCC_WARN_64_TO_32_BIT_CONVERSION = YES;
				GCC_WARN_ABOUT_RETURN_TYPE = YES_ERROR;
				GCC_WARN_UNDECLARED_SELECTOR = YES;
				GCC_WARN_UNINITIALIZED_AUTOS = YES_AGGRESSIVE;
				GCC_WARN_UNUSED_FUNCTION = YES;
				GCC_WARN_UNUSED_VARIABLE = YES;
				MTL_ENABLE_DEBUG_INFO = NO;
				MTL_FAST_MATH = YES;
				SWIFT_COMPILATION_MODE = wholemodule;
				SWIFT_OPTIMIZATION_LEVEL = "-O";
			};
			name = Release;
		};
		708D3BB429D4463B007A0D5E /* Debug */ = {
			isa = XCBuildConfiguration;
			buildSettings = {
				ASSETCATALOG_COMPILER_APPICON_NAME = AppIcon;
				ASSETCATALOG_COMPILER_GLOBAL_ACCENT_COLOR_NAME = AccentColor;
				CODE_SIGN_ENTITLEMENTS = HeyClock/HeyClock.entitlements;
				CODE_SIGN_STYLE = Automatic;
				CURRENT_PROJECT_VERSION = 1;
				DEVELOPMENT_ASSET_PATHS = "\"HeyClock/Preview Content\"";
				DEVELOPMENT_TEAM = "";
				ENABLE_HARDENED_RUNTIME = YES;
				ENABLE_PREVIEWS = YES;
				GENERATE_INFOPLIST_FILE = YES;
				"INFOPLIST_KEY_UIApplicationSceneManifest_Generation[sdk=iphoneos*]" = YES;
				"INFOPLIST_KEY_UIApplicationSceneManifest_Generation[sdk=iphonesimulator*]" = YES;
				"INFOPLIST_KEY_UIApplicationSupportsIndirectInputEvents[sdk=iphoneos*]" = YES;
				"INFOPLIST_KEY_UIApplicationSupportsIndirectInputEvents[sdk=iphonesimulator*]" = YES;
				"INFOPLIST_KEY_UILaunchScreen_Generation[sdk=iphoneos*]" = YES;
				"INFOPLIST_KEY_UILaunchScreen_Generation[sdk=iphonesimulator*]" = YES;
				"INFOPLIST_KEY_UIStatusBarStyle[sdk=iphoneos*]" = UIStatusBarStyleDefault;
				"INFOPLIST_KEY_UIStatusBarStyle[sdk=iphonesimulator*]" = UIStatusBarStyleDefault;
				INFOPLIST_KEY_UISupportedInterfaceOrientations_iPad = "UIInterfaceOrientationPortrait UIInterfaceOrientationPortraitUpsideDown UIInterfaceOrientationLandscapeLeft UIInterfaceOrientationLandscapeRight";
				INFOPLIST_KEY_UISupportedInterfaceOrientations_iPhone = "UIInterfaceOrientationPortrait UIInterfaceOrientationLandscapeLeft UIInterfaceOrientationLandscapeRight";
				IPHONEOS_DEPLOYMENT_TARGET = 16.2;
				LD_RUNPATH_SEARCH_PATHS = "@executable_path/Frameworks";
				"LD_RUNPATH_SEARCH_PATHS[sdk=macosx*]" = "@executable_path/../Frameworks";
				MACOSX_DEPLOYMENT_TARGET = 13.1;
				MARKETING_VERSION = 1.0;
				PRODUCT_BUNDLE_IDENTIFIER = com.honeyeeb.HeyClock;
				PRODUCT_NAME = "$(TARGET_NAME)";
				SDKROOT = auto;
				SUPPORTED_PLATFORMS = "iphoneos iphonesimulator macosx";
				SWIFT_EMIT_LOC_STRINGS = YES;
				SWIFT_VERSION = 5.0;
				TARGETED_DEVICE_FAMILY = "1,2";
			};
			name = Debug;
		};
		708D3BB529D4463B007A0D5E /* Release */ = {
			isa = XCBuildConfiguration;
			buildSettings = {
				ASSETCATALOG_COMPILER_APPICON_NAME = AppIcon;
				ASSETCATALOG_COMPILER_GLOBAL_ACCENT_COLOR_NAME = AccentColor;
				CODE_SIGN_ENTITLEMENTS = HeyClock/HeyClock.entitlements;
				CODE_SIGN_STYLE = Automatic;
				CURRENT_PROJECT_VERSION = 1;
				DEVELOPMENT_ASSET_PATHS = "\"HeyClock/Preview Content\"";
				DEVELOPMENT_TEAM = "";
				ENABLE_HARDENED_RUNTIME = YES;
				ENABLE_PREVIEWS = YES;
				GENERATE_INFOPLIST_FILE = YES;
				"INFOPLIST_KEY_UIApplicationSceneManifest_Generation[sdk=iphoneos*]" = YES;
				"INFOPLIST_KEY_UIApplicationSceneManifest_Generation[sdk=iphonesimulator*]" = YES;
				"INFOPLIST_KEY_UIApplicationSupportsIndirectInputEvents[sdk=iphoneos*]" = YES;
				"INFOPLIST_KEY_UIApplicationSupportsIndirectInputEvents[sdk=iphonesimulator*]" = YES;
				"INFOPLIST_KEY_UILaunchScreen_Generation[sdk=iphoneos*]" = YES;
				"INFOPLIST_KEY_UILaunchScreen_Generation[sdk=iphonesimulator*]" = YES;
				"INFOPLIST_KEY_UIStatusBarStyle[sdk=iphoneos*]" = UIStatusBarStyleDefault;
				"INFOPLIST_KEY_UIStatusBarStyle[sdk=iphonesimulator*]" = UIStatusBarStyleDefault;
				INFOPLIST_KEY_UISupportedInterfaceOrientations_iPad = "UIInterfaceOrientationPortrait UIInterfaceOrientationPortraitUpsideDown UIInterfaceOrientationLandscapeLeft UIInterfaceOrientationLandscapeRight";
				INFOPLIST_KEY_UISupportedInterfaceOrientations_iPhone = "UIInterfaceOrientationPortrait UIInterfaceOrientationLandscapeLeft UIInterfaceOrientationLandscapeRight";
				IPHONEOS_DEPLOYMENT_TARGET = 16.2;
				LD_RUNPATH_SEARCH_PATHS = "@executable_path/Frameworks";
				"LD_RUNPATH_SEARCH_PATHS[sdk=macosx*]" = "@executable_path/../Frameworks";
				MACOSX_DEPLOYMENT_TARGET = 13.1;
				MARKETING_VERSION = 1.0;
				PRODUCT_BUNDLE_IDENTIFIER = com.honeyeeb.HeyClock;
				PRODUCT_NAME = "$(TARGET_NAME)";
				SDKROOT = auto;
				SUPPORTED_PLATFORMS = "iphoneos iphonesimulator macosx";
				SWIFT_EMIT_LOC_STRINGS = YES;
				SWIFT_VERSION = 5.0;
				TARGETED_DEVICE_FAMILY = "1,2";
			};
			name = Release;
		};
		708D3BB729D4463B007A0D5E /* Debug */ = {
			isa = XCBuildConfiguration;
			buildSettings = {
				ALWAYS_EMBED_SWIFT_STANDARD_LIBRARIES = YES;
				BUNDLE_LOADER = "$(TEST_HOST)";
				CODE_SIGN_STYLE = Automatic;
				CURRENT_PROJECT_VERSION = 1;
				DEVELOPMENT_TEAM = MC5VANDM7B;
				GENERATE_INFOPLIST_FILE = YES;
				IPHONEOS_DEPLOYMENT_TARGET = 16.2;
				MACOSX_DEPLOYMENT_TARGET = 13.1;
				MARKETING_VERSION = 1.0;
				PRODUCT_BUNDLE_IDENTIFIER = com.honeyeeb.HeyClockTests;
				PRODUCT_NAME = "$(TARGET_NAME)";
				SDKROOT = auto;
				SUPPORTED_PLATFORMS = "iphoneos iphonesimulator macosx";
				SWIFT_EMIT_LOC_STRINGS = NO;
				SWIFT_VERSION = 5.0;
				TARGETED_DEVICE_FAMILY = "1,2";
				TEST_HOST = "$(BUILT_PRODUCTS_DIR)/HeyClock.app/$(BUNDLE_EXECUTABLE_FOLDER_PATH)/HeyClock";
			};
			name = Debug;
		};
		708D3BB829D4463B007A0D5E /* Release */ = {
			isa = XCBuildConfiguration;
			buildSettings = {
				ALWAYS_EMBED_SWIFT_STANDARD_LIBRARIES = YES;
				BUNDLE_LOADER = "$(TEST_HOST)";
				CODE_SIGN_STYLE = Automatic;
				CURRENT_PROJECT_VERSION = 1;
				DEVELOPMENT_TEAM = MC5VANDM7B;
				GENERATE_INFOPLIST_FILE = YES;
				IPHONEOS_DEPLOYMENT_TARGET = 16.2;
				MACOSX_DEPLOYMENT_TARGET = 13.1;
				MARKETING_VERSION = 1.0;
				PRODUCT_BUNDLE_IDENTIFIER = com.honeyeeb.HeyClockTests;
				PRODUCT_NAME = "$(TARGET_NAME)";
				SDKROOT = auto;
				SUPPORTED_PLATFORMS = "iphoneos iphonesimulator macosx";
				SWIFT_EMIT_LOC_STRINGS = NO;
				SWIFT_VERSION = 5.0;
				TARGETED_DEVICE_FAMILY = "1,2";
				TEST_HOST = "$(BUILT_PRODUCTS_DIR)/HeyClock.app/$(BUNDLE_EXECUTABLE_FOLDER_PATH)/HeyClock";
			};
			name = Release;
		};
		708D3BBA29D4463B007A0D5E /* Debug */ = {
			isa = XCBuildConfiguration;
			buildSettings = {
				ALWAYS_EMBED_SWIFT_STANDARD_LIBRARIES = YES;
				CODE_SIGN_STYLE = Automatic;
				CURRENT_PROJECT_VERSION = 1;
				DEVELOPMENT_TEAM = MC5VANDM7B;
				GENERATE_INFOPLIST_FILE = YES;
				IPHONEOS_DEPLOYMENT_TARGET = 16.2;
				MACOSX_DEPLOYMENT_TARGET = 13.1;
				MARKETING_VERSION = 1.0;
				PRODUCT_BUNDLE_IDENTIFIER = com.honeyeeb.HeyClockUITests;
				PRODUCT_NAME = "$(TARGET_NAME)";
				SDKROOT = auto;
				SUPPORTED_PLATFORMS = "iphoneos iphonesimulator macosx";
				SWIFT_EMIT_LOC_STRINGS = NO;
				SWIFT_VERSION = 5.0;
				TARGETED_DEVICE_FAMILY = "1,2";
				TEST_TARGET_NAME = HeyClock;
			};
			name = Debug;
		};
		708D3BBB29D4463B007A0D5E /* Release */ = {
			isa = XCBuildConfiguration;
			buildSettings = {
				ALWAYS_EMBED_SWIFT_STANDARD_LIBRARIES = YES;
				CODE_SIGN_STYLE = Automatic;
				CURRENT_PROJECT_VERSION = 1;
				DEVELOPMENT_TEAM = MC5VANDM7B;
				GENERATE_INFOPLIST_FILE = YES;
				IPHONEOS_DEPLOYMENT_TARGET = 16.2;
				MACOSX_DEPLOYMENT_TARGET = 13.1;
				MARKETING_VERSION = 1.0;
				PRODUCT_BUNDLE_IDENTIFIER = com.honeyeeb.HeyClockUITests;
				PRODUCT_NAME = "$(TARGET_NAME)";
				SDKROOT = auto;
				SUPPORTED_PLATFORMS = "iphoneos iphonesimulator macosx";
				SWIFT_EMIT_LOC_STRINGS = NO;
				SWIFT_VERSION = 5.0;
				TARGETED_DEVICE_FAMILY = "1,2";
				TEST_TARGET_NAME = HeyClock;
			};
			name = Release;
		};
/* End XCBuildConfiguration section */

/* Begin XCConfigurationList section */
		708D3B8929D44639007A0D5E /* Build configuration list for PBXProject "HeyClock" */ = {
			isa = XCConfigurationList;
			buildConfigurations = (
				708D3BB129D4463B007A0D5E /* Debug */,
				708D3BB229D4463B007A0D5E /* Release */,
			);
			defaultConfigurationIsVisible = 0;
			defaultConfigurationName = Release;
		};
		708D3BB329D4463B007A0D5E /* Build configuration list for PBXNativeTarget "HeyClock" */ = {
			isa = XCConfigurationList;
			buildConfigurations = (
				708D3BB429D4463B007A0D5E /* Debug */,
				708D3BB529D4463B007A0D5E /* Release */,
			);
			defaultConfigurationIsVisible = 0;
			defaultConfigurationName = Release;
		};
		708D3BB629D4463B007A0D5E /* Build configuration list for PBXNativeTarget "HeyClockTests" */ = {
			isa = XCConfigurationList;
			buildConfigurations = (
				708D3BB729D4463B007A0D5E /* Debug */,
				708D3BB829D4463B007A0D5E /* Release */,
			);
			defaultConfigurationIsVisible = 0;
			defaultConfigurationName = Release;
		};
		708D3BB929D4463B007A0D5E /* Build configuration list for PBXNativeTarget "HeyClockUITests" */ = {
			isa = XCConfigurationList;
			buildConfigurations = (
				708D3BBA29D4463B007A0D5E /* Debug */,
				708D3BBB29D4463B007A0D5E /* Release */,
			);
			defaultConfigurationIsVisible = 0;
			defaultConfigurationName = Release;
		};
/* End XCConfigurationList section */
	};
	rootObject = 708D3B8629D44639007A0D5E /* Project object */;
}
